
Microsoft Visual Studio Solution File, Format Version 12.00
# Visual Studio Version 17
VisualStudioVersion = 17.3.32811.315
MinimumVisualStudioVersion = 10.0.40219.1
Project("{FAE04EC0-301F-11D3-BF4B-00C04F79EFBC}") = "Final", "Final.csproj", "{AE8308F4-C184-4462-8025-61D270C2501B}"
EndProject
Global
	GlobalSection(SolutionConfigurationPlatforms) = preSolution
		Debug|Any CPU = Debug|Any CPU
		Release|Any CPU = Release|Any CPU
	EndGlobalSection
	GlobalSection(ProjectConfigurationPlatforms) = postSolution
		{AE8308F4-C184-4462-8025-61D270C2501B}.Debug|Any CPU.ActiveCfg = Debug|Any CPU
		{AE8308F4-C184-4462-8025-61D270C2501B}.Debug|Any CPU.Build.0 = Debug|Any CPU
		{AE8308F4-C184-4462-8025-61D270C2501B}.Release|Any CPU.ActiveCfg = Release|Any CPU
		{AE8308F4-C184-4462-8025-61D270C2501B}.Release|Any CPU.Build.0 = Release|Any CPU
	EndGlobalSection
	GlobalSection(SolutionProperties) = preSolution
		HideSolutionNode = FALSE
	EndGlobalSection
	GlobalSection(ExtensibilityGlobals) = postSolution
		SolutionGuid = {29E62DEB-EFE5-4752-8663-16717AB09A10}
	EndGlobalSection
EndGlobal
